{
  "name": "lesson2",
  "version": "1.0.0",
  "lockfileVersion": 3,
  "requires": true,
  "packages": {
    "": {
      "name": "lesson2",
      "version": "1.0.0",
      "license": "ISC",
      "dependencies": {
        "countries-list": "^3.1.1",
        "country-name": "^0.4.0"
      }
    },
    "node_modules/countries-list": {
      "version": "3.1.1",
      "resolved": "https://registry.npmjs.org/countries-list/-/countries-list-3.1.1.tgz",
      "integrity": "sha512-nPklKJ5qtmY5MdBKw1NiBAoyx5Sa7p2yPpljZyQ7gyCN1m+eMFs9I6CT37Mxt8zvR5L3VzD3DJBE4WQzX3WF4A=="
    },
    "node_modules/country-name": {
      "version": "0.4.0",
      "resolved": "https://registry.npmjs.org/country-name/-/country-name-0.4.0.tgz",
      "integrity": "sha512-Rt+gtpJ5EqCZ0MoDjrW2HFzj2CI6DB5lfIsp1Ujul39N4zMebnzxIUZYz+XeobfIgrZlNlSFNfgQareJFvopWQ=="
    }
  }
}
